
Microsoft Visual Studio Solution File, Format Version 12.00
# Visual Studio Version 17
VisualStudioVersion = 17.14.36127.28 d17.14
MinimumVisualStudioVersion = 10.0.40219.1
Project("{FAE04EC0-301F-11D3-BF4B-00C04F79EFBC}") = "pepeizqs deals maui", "pepeizqs deals maui\pepeizqs deals maui.csproj", "{ACA53C75-0F79-41FB-83DE-FD1386E22789}"
EndProject
Global
	GlobalSection(SolutionConfigurationPlatforms) = preSolution
		Debug|Any CPU = Debug|Any CPU
		Release|Any CPU = Release|Any CPU
	EndGlobalSection
	GlobalSection(ProjectConfigurationPlatforms) = postSolution
		{ACA53C75-0F79-41FB-83DE-FD1386E22789}.Debug|Any CPU.ActiveCfg = Debug|Any CPU
		{ACA53C75-0F79-41FB-83DE-FD1386E22789}.Debug|Any CPU.Build.0 = Debug|Any CPU
		{ACA53C75-0F79-41FB-83DE-FD1386E22789}.Release|Any CPU.ActiveCfg = Release|Any CPU
		{ACA53C75-0F79-41FB-83DE-FD1386E22789}.Release|Any CPU.Build.0 = Release|Any CPU
	EndGlobalSection
	GlobalSection(SolutionProperties) = preSolution
		HideSolutionNode = FALSE
	EndGlobalSection
	GlobalSection(ExtensibilityGlobals) = postSolution
		SolutionGuid = {38DE33CD-4E0E-41A2-84A6-5EDB9D853FA5}
	EndGlobalSection
EndGlobal
